// !$*UTF8*$!
{
	archiveVersion = 1;
	classes = {
	};
	objectVersion = 51;
	objects = {

/* Begin PBXBuildFile section */
		8A62998E253722CE008C962E /* GraphVC.swift in Sources */ = {isa = PBXBuildFile; fileRef = 8A62998D253722CE008C962E /* GraphVC.swift */; };
		8A694B442534660200089BF7 /* CostsMainScreenVC.swift in Sources */ = {isa = PBXBuildFile; fileRef = 8A694B432534660200089BF7 /* CostsMainScreenVC.swift */; };
		8A694B472534874200089BF7 /* CategoryTableViewCell.swift in Sources */ = {isa = PBXBuildFile; fileRef = 8A694B462534874200089BF7 /* CategoryTableViewCell.swift */; };
		8A694B4A2534A1E600089BF7 /* DetailCostVC.swift in Sources */ = {isa = PBXBuildFile; fileRef = 8A694B492534A1E600089BF7 /* DetailCostVC.swift */; };
		8A9A697B252DEFF9000C9F64 /* AppDelegate.swift in Sources */ = {isa = PBXBuildFile; fileRef = 8A9A697A252DEFF9000C9F64 /* AppDelegate.swift */; };
		8A9A697D252DEFF9000C9F64 /* SceneDelegate.swift in Sources */ = {isa = PBXBuildFile; fileRef = 8A9A697C252DEFF9000C9F64 /* SceneDelegate.swift */; };
		8A9A697F252DEFF9000C9F64 /* MainScreenViewController.swift in Sources */ = {isa = PBXBuildFile; fileRef = 8A9A697E252DEFF9000C9F64 /* MainScreenViewController.swift */; };
		8A9A6982252DEFF9000C9F64 /* Main.storyboard in Resources */ = {isa = PBXBuildFile; fileRef = 8A9A6980252DEFF9000C9F64 /* Main.storyboard */; };
		8A9A6984252DEFFD000C9F64 /* Assets.xcassets in Resources */ = {isa = PBXBuildFile; fileRef = 8A9A6983252DEFFD000C9F64 /* Assets.xcassets */; };
		8A9A6987252DEFFD000C9F64 /* LaunchScreen.storyboard in Resources */ = {isa = PBXBuildFile; fileRef = 8A9A6985252DEFFD000C9F64 /* LaunchScreen.storyboard */; };
		8A9A699E252E06B1000C9F64 /* IncomeTableViewCell.swift in Sources */ = {isa = PBXBuildFile; fileRef = 8A9A699D252E06B1000C9F64 /* IncomeTableViewCell.swift */; };
		8A9A69A1252E075B000C9F64 /* Income.swift in Sources */ = {isa = PBXBuildFile; fileRef = 8A9A69A0252E075B000C9F64 /* Income.swift */; };
		8AD0D8FE2535E925005A31A5 /* CostCell.swift in Sources */ = {isa = PBXBuildFile; fileRef = 8AD0D8FD2535E925005A31A5 /* CostCell.swift */; };
		F0DE625523044EFB1CBA9EB3 /* Pods_FinApp.framework in Frameworks */ = {isa = PBXBuildFile; fileRef = 2A9AE6806452C900D95071EC /* Pods_FinApp.framework */; };
/* End PBXBuildFile section */

/* Begin PBXFileReference section */
		2A9AE6806452C900D95071EC /* Pods_FinApp.framework */ = {isa = PBXFileReference; explicitFileType = wrapper.framework; includeInIndex = 0; path = Pods_FinApp.framework; sourceTree = BUILT_PRODUCTS_DIR; };
		8A62998D253722CE008C962E /* GraphVC.swift */ = {isa = PBXFileReference; lastKnownFileType = sourcecode.swift; path = GraphVC.swift; sourceTree = "<group>"; };
		8A694B432534660200089BF7 /* CostsMainScreenVC.swift */ = {isa = PBXFileReference; lastKnownFileType = sourcecode.swift; path = CostsMainScreenVC.swift; sourceTree = "<group>"; };
		8A694B462534874200089BF7 /* CategoryTableViewCell.swift */ = {isa = PBXFileReference; lastKnownFileType = sourcecode.swift; path = CategoryTableViewCell.swift; sourceTree = "<group>"; };
		8A694B492534A1E600089BF7 /* DetailCostVC.swift */ = {isa = PBXFileReference; lastKnownFileType = sourcecode.swift; path = DetailCostVC.swift; sourceTree = "<group>"; };
		8A9A6977252DEFF9000C9F64 /* FinApp.app */ = {isa = PBXFileReference; explicitFileType = wrapper.application; includeInIndex = 0; path = FinApp.app; sourceTree = BUILT_PRODUCTS_DIR; };
		8A9A697A252DEFF9000C9F64 /* AppDelegate.swift */ = {isa = PBXFileReference; lastKnownFileType = sourcecode.swift; path = AppDelegate.swift; sourceTree = "<group>"; };
		8A9A697C252DEFF9000C9F64 /* SceneDelegate.swift */ = {isa = PBXFileReference; lastKnownFileType = sourcecode.swift; path = SceneDelegate.swift; sourceTree = "<group>"; };
		8A9A697E252DEFF9000C9F64 /* MainScreenViewController.swift */ = {isa = PBXFileReference; lastKnownFileType = sourcecode.swift; path = MainScreenViewController.swift; sourceTree = "<group>"; };
		8A9A6981252DEFF9000C9F64 /* Base */ = {isa = PBXFileReference; lastKnownFileType = file.storyboard; name = Base; path = Base.lproj/Main.storyboard; sourceTree = "<group>"; };
		8A9A6983252DEFFD000C9F64 /* Assets.xcassets */ = {isa = PBXFileReference; lastKnownFileType = folder.assetcatalog; path = Assets.xcassets; sourceTree = "<group>"; };
		8A9A6986252DEFFD000C9F64 /* Base */ = {isa = PBXFileReference; lastKnownFileType = file.storyboard; name = Base; path = Base.lproj/LaunchScreen.storyboard; sourceTree = "<group>"; };
		8A9A6988252DEFFD000C9F64 /* Info.plist */ = {isa = PBXFileReference; lastKnownFileType = text.plist.xml; path = Info.plist; sourceTree = "<group>"; };
		8A9A699D252E06B1000C9F64 /* IncomeTableViewCell.swift */ = {isa = PBXFileReference; lastKnownFileType = sourcecode.swift; name = IncomeTableViewCell.swift; path = FinApp/IncomeTableViewCell.swift; sourceTree = SOURCE_ROOT; };
		8A9A69A0252E075B000C9F64 /* Income.swift */ = {isa = PBXFileReference; lastKnownFileType = sourcecode.swift; path = Income.swift; sourceTree = "<group>"; };
		8AD0D8FD2535E925005A31A5 /* CostCell.swift */ = {isa = PBXFileReference; lastKnownFileType = sourcecode.swift; path = CostCell.swift; sourceTree = "<group>"; };
		A06737AD493298233C5D9950 /* Pods-FinApp.release.xcconfig */ = {isa = PBXFileReference; includeInIndex = 1; lastKnownFileType = text.xcconfig; name = "Pods-FinApp.release.xcconfig"; path = "Target Support Files/Pods-FinApp/Pods-FinApp.release.xcconfig"; sourceTree = "<group>"; };
		C1992845C839F950F725BE94 /* Pods-FinApp.debug.xcconfig */ = {isa = PBXFileReference; includeInIndex = 1; lastKnownFileType = text.xcconfig; name = "Pods-FinApp.debug.xcconfig"; path = "Target Support Files/Pods-FinApp/Pods-FinApp.debug.xcconfig"; sourceTree = "<group>"; };
/* End PBXFileReference section */

/* Begin PBXFrameworksBuildPhase section */
		8A9A6974252DEFF9000C9F64 /* Frameworks */ = {
			isa = PBXFrameworksBuildPhase;
			buildActionMask = 2147483647;
			files = (
				F0DE625523044EFB1CBA9EB3 /* Pods_FinApp.framework in Frameworks */,
			);
			runOnlyForDeploymentPostprocessing = 0;
		};
/* End PBXFrameworksBuildPhase section */

/* Begin PBXGroup section */
		1A31FF5BF794F842F317A535 /* Pods */ = {
			isa = PBXGroup;
			children = (
				C1992845C839F950F725BE94 /* Pods-FinApp.debug.xcconfig */,
				A06737AD493298233C5D9950 /* Pods-FinApp.release.xcconfig */,
			);
			path = Pods;
			sourceTree = "<group>";
		};
		7C56A5B5F00DFB3DF309C4D7 /* Frameworks */ = {
			isa = PBXGroup;
			children = (
				2A9AE6806452C900D95071EC /* Pods_FinApp.framework */,
			);
			name = Frameworks;
			sourceTree = "<group>";
		};
		8A9A696E252DEFF9000C9F64 = {
			isa = PBXGroup;
			children = (
				8A9A6979252DEFF9000C9F64 /* FinApp */,
				8A9A6978252DEFF9000C9F64 /* Products */,
				1A31FF5BF794F842F317A535 /* Pods */,
				7C56A5B5F00DFB3DF309C4D7 /* Frameworks */,
			);
			sourceTree = "<group>";
		};
		8A9A6978252DEFF9000C9F64 /* Products */ = {
			isa = PBXGroup;
			children = (
				8A9A6977252DEFF9000C9F64 /* FinApp.app */,
			);
			name = Products;
			sourceTree = "<group>";
		};
		8A9A6979252DEFF9000C9F64 /* FinApp */ = {
			isa = PBXGroup;
			children = (
				8A9A69A0252E075B000C9F64 /* Income.swift */,
				8A9A697E252DEFF9000C9F64 /* MainScreenViewController.swift */,
				8A694B432534660200089BF7 /* CostsMainScreenVC.swift */,
				8A9A697A252DEFF9000C9F64 /* AppDelegate.swift */,
				8A9A699D252E06B1000C9F64 /* IncomeTableViewCell.swift */,
				8A9A697C252DEFF9000C9F64 /* SceneDelegate.swift */,
				8A9A6980252DEFF9000C9F64 /* Main.storyboard */,
				8A62998D253722CE008C962E /* GraphVC.swift */,
				8A694B492534A1E600089BF7 /* DetailCostVC.swift */,
				8AD0D8FD2535E925005A31A5 /* CostCell.swift */,
				8A694B462534874200089BF7 /* CategoryTableViewCell.swift */,
				8A9A6983252DEFFD000C9F64 /* Assets.xcassets */,
				8A9A6985252DEFFD000C9F64 /* LaunchScreen.storyboard */,
				8A9A6988252DEFFD000C9F64 /* Info.plist */,
			);
			path = FinApp;
			sourceTree = "<group>";
		};
/* End PBXGroup section */

/* Begin PBXNativeTarget section */
		8A9A6976252DEFF9000C9F64 /* FinApp */ = {
			isa = PBXNativeTarget;
			buildConfigurationList = 8A9A698B252DEFFD000C9F64 /* Build configuration list for PBXNativeTarget "FinApp" */;
			buildPhases = (
				15489A3D92DE4BDFB6182150 /* [CP] Check Pods Manifest.lock */,
				8A9A6973252DEFF9000C9F64 /* Sources */,
				8A9A6974252DEFF9000C9F64 /* Frameworks */,
				8A9A6975252DEFF9000C9F64 /* Resources */,
				538AF49E60BC7DF3AB9977F4 /* [CP] Embed Pods Frameworks */,
			);
			buildRules = (
			);
			dependencies = (
			);
			name = FinApp;
			productName = FinApp;
			productReference = 8A9A6977252DEFF9000C9F64 /* FinApp.app */;
			productType = "com.apple.product-type.application";
		};
/* End PBXNativeTarget section */

/* Begin PBXProject section */
		8A9A696F252DEFF9000C9F64 /* Project object */ = {
			isa = PBXProject;
			attributes = {
				LastSwiftUpdateCheck = 1200;
				LastUpgradeCheck = 1200;
				TargetAttributes = {
					8A9A6976252DEFF9000C9F64 = {
						CreatedOnToolsVersion = 12.0.1;
					};
				};
			};
			buildConfigurationList = 8A9A6972252DEFF9000C9F64 /* Build configuration list for PBXProject "FinApp" */;
			compatibilityVersion = "Xcode 9.3";
			developmentRegion = en;
			hasScannedForEncodings = 0;
			knownRegions = (
				en,
				Base,
			);
			mainGroup = 8A9A696E252DEFF9000C9F64;
			productRefGroup = 8A9A6978252DEFF9000C9F64 /* Products */;
			projectDirPath = "";
			projectRoot = "";
			targets = (
				8A9A6976252DEFF9000C9F64 /* FinApp */,
			);
		};
/* End PBXProject section */

/* Begin PBXResourcesBuildPhase section */
		8A9A6975252DEFF9000C9F64 /* Resources */ = {
			isa = PBXResourcesBuildPhase;
			buildActionMask = 2147483647;
			files = (
				8A9A6987252DEFFD000C9F64 /* LaunchScreen.storyboard in Resources */,
				8A9A6984252DEFFD000C9F64 /* Assets.xcassets in Resources */,
				8A9A6982252DEFF9000C9F64 /* Main.storyboard in Resources */,
			);
			runOnlyForDeploymentPostprocessing = 0;
		};
/* End PBXResourcesBuildPhase section */

/* Begin PBXShellScriptBuildPhase section */
		15489A3D92DE4BDFB6182150 /* [CP] Check Pods Manifest.lock */ = {
			isa = PBXShellScriptBuildPhase;
			buildActionMask = 2147483647;
			files = (
			);
			inputFileListPaths = (
			);
			inputPaths = (
				"${PODS_PODFILE_DIR_PATH}/Podfile.lock",
				"${PODS_ROOT}/Manifest.lock",
			);
			name = "[CP] Check Pods Manifest.lock";
			outputFileListPaths = (
			);
			outputPaths = (
				"$(DERIVED_FILE_DIR)/Pods-FinApp-checkManifestLockResult.txt",
			);
			runOnlyForDeploymentPostprocessing = 0;
			shellPath = /bin/sh;
			shellScript = "diff \"${PODS_PODFILE_DIR_PATH}/Podfile.lock\" \"${PODS_ROOT}/Manifest.lock\" > /dev/null\nif [ $? != 0 ] ; then\n    # print error to STDERR\n    echo \"error: The sandbox is not in sync with the Podfile.lock. Run 'pod install' or update your CocoaPods installation.\" >&2\n    exit 1\nfi\n# This output is used by Xcode 'outputs' to avoid re-running this script phase.\necho \"SUCCESS\" > \"${SCRIPT_OUTPUT_FILE_0}\"\n";
			showEnvVarsInLog = 0;
		};
		538AF49E60BC7DF3AB9977F4 /* [CP] Embed Pods Frameworks */ = {
			isa = PBXShellScriptBuildPhase;
			buildActionMask = 2147483647;
			files = (
			);
			inputFileListPaths = (
				"${PODS_ROOT}/Target Support Files/Pods-FinApp/Pods-FinApp-frameworks-${CONFIGURATION}-input-files.xcfilelist",
			);
			name = "[CP] Embed Pods Frameworks";
			outputFileListPaths = (
				"${PODS_ROOT}/Target Support Files/Pods-FinApp/Pods-FinApp-frameworks-${CONFIGURATION}-output-files.xcfilelist",
			);
			runOnlyForDeploymentPostprocessing = 0;
			shellPath = /bin/sh;
			shellScript = "\"${PODS_ROOT}/Target Support Files/Pods-FinApp/Pods-FinApp-frameworks.sh\"\n";
			showEnvVarsInLog = 0;
		};
/* End PBXShellScriptBuildPhase section */

/* Begin PBXSourcesBuildPhase section */
		8A9A6973252DEFF9000C9F64 /* Sources */ = {
			isa = PBXSourcesBuildPhase;
			buildActionMask = 2147483647;
			files = (
				8A694B442534660200089BF7 /* CostsMainScreenVC.swift in Sources */,
				8A9A697F252DEFF9000C9F64 /* MainScreenViewController.swift in Sources */,
				8A694B4A2534A1E600089BF7 /* DetailCostVC.swift in Sources */,
				8AD0D8FE2535E925005A31A5 /* CostCell.swift in Sources */,
				8A9A697B252DEFF9000C9F64 /* AppDelegate.swift in Sources */,
				8A9A699E252E06B1000C9F64 /* IncomeTableViewCell.swift in Sources */,
				8A694B472534874200089BF7 /* CategoryTableViewCell.swift in Sources */,
				8A9A69A1252E075B000C9F64 /* Income.swift in Sources */,
				8A62998E253722CE008C962E /* GraphVC.swift in Sources */,
				8A9A697D252DEFF9000C9F64 /* SceneDelegate.swift in Sources */,
			);
			runOnlyForDeploymentPostprocessing = 0;
		};
/* End PBXSourcesBuildPhase section */

/* Begin PBXVariantGroup section */
		8A9A6980252DEFF9000C9F64 /* Main.storyboard */ = {
			isa = PBXVariantGroup;
			children = (
				8A9A6981252DEFF9000C9F64 /* Base */,
			);
			name = Main.storyboard;
			sourceTree = "<group>";
		};
		8A9A6985252DEFFD000C9F64 /* LaunchScreen.storyboard */ = {
			isa = PBXVariantGroup;
			children = (
				8A9A6986252DEFFD000C9F64 /* Base */,
			);
			name = LaunchScreen.storyboard;
			sourceTree = "<group>";
		};
/* End PBXVariantGroup section */

/* Begin XCBuildConfiguration section */
		8A9A6989252DEFFD000C9F64 /* Debug */ = {
			isa = XCBuildConfiguration;
			buildSettings = {
				ALWAYS_SEARCH_USER_PATHS = NO;
				CLANG_ANALYZER_NONNULL = YES;
				CLANG_ANALYZER_NUMBER_OBJECT_CONVERSION = YES_AGGRESSIVE;
				CLANG_CXX_LANGUAGE_STANDARD = "gnu++14";
				CLANG_CXX_LIBRARY = "libc++";
				CLANG_ENABLE_MODULES = YES;
				CLANG_ENABLE_OBJC_ARC = YES;
				CLANG_ENABLE_OBJC_WEAK = YES;
				CLANG_WARN_BLOCK_CAPTURE_AUTORELEASING = YES;
				CLANG_WARN_BOOL_CONVERSION = YES;
				CLANG_WARN_COMMA = YES;
				CLANG_WARN_CONSTANT_CONVERSION = YES;
				CLANG_WARN_DEPRECATED_OBJC_IMPLEMENTATIONS = YES;
				CLANG_WARN_DIRECT_OBJC_ISA_USAGE = YES_ERROR;
				CLANG_WARN_DOCUMENTATION_COMMENTS = YES;
				CLANG_WARN_EMPTY_BODY = YES;
				CLANG_WARN_ENUM_CONVERSION = YES;
				CLANG_WARN_INFINITE_RECURSION = YES;
				CLANG_WARN_INT_CONVERSION = YES;
				CLANG_WARN_NON_LITERAL_NULL_CONVERSION = YES;
				CLANG_WARN_OBJC_IMPLICIT_RETAIN_SELF = YES;
				CLANG_WARN_OBJC_LITERAL_CONVERSION = YES;
				CLANG_WARN_OBJC_ROOT_CLASS = YES_ERROR;
				CLANG_WARN_QUOTED_INCLUDE_IN_FRAMEWORK_HEADER = YES;
				CLANG_WARN_RANGE_LOOP_ANALYSIS = YES;
				CLANG_WARN_STRICT_PROTOTYPES = YES;
				CLANG_WARN_SUSPICIOUS_MOVE = YES;
				CLANG_WARN_UNGUARDED_AVAILABILITY = YES_AGGRESSIVE;
				CLANG_WARN_UNREACHABLE_CODE = YES;
				CLANG_WARN__DUPLICATE_METHOD_MATCH = YES;
				COPY_PHASE_STRIP = NO;
				DEBUG_INFORMATION_FORMAT = dwarf;
				ENABLE_STRICT_OBJC_MSGSEND = YES;
				ENABLE_TESTABILITY = YES;
				GCC_C_LANGUAGE_STANDARD = gnu11;
				GCC_DYNAMIC_NO_PIC = NO;
				GCC_NO_COMMON_BLOCKS = YES;
				GCC_OPTIMIZATION_LEVEL = 0;
				GCC_PREPROCESSOR_DEFINITIONS = (
					"DEBUG=1",
					"$(inherited)",
				);
				GCC_WARN_64_TO_32_BIT_CONVERSION = YES;
				GCC_WARN_ABOUT_RETURN_TYPE = YES_ERROR;
				GCC_WARN_UNDECLARED_SELECTOR = YES;
				GCC_WARN_UNINITIALIZED_AUTOS = YES_AGGRESSIVE;
				GCC_WARN_UNUSED_FUNCTION = YES;
				GCC_WARN_UNUSED_VARIABLE = YES;
				IPHONEOS_DEPLOYMENT_TARGET = 14.0;
				MTL_ENABLE_DEBUG_INFO = INCLUDE_SOURCE;
				MTL_FAST_MATH = YES;
				ONLY_ACTIVE_ARCH = YES;
				SDKROOT = iphoneos;
				SWIFT_ACTIVE_COMPILATION_CONDITIONS = DEBUG;
				SWIFT_OPTIMIZATION_LEVEL = "-Onone";
			};
			name = Debug;
		};
		8A9A698A252DEFFD000C9F64 /* Release */ = {
			isa = XCBuildConfiguration;
			buildSettings = {
				ALWAYS_SEARCH_USER_PATHS = NO;
				CLANG_ANALYZER_NONNULL = YES;
				CLANG_ANALYZER_NUMBER_OBJECT_CONVERSION = YES_AGGRESSIVE;
				CLANG_CXX_LANGUAGE_STANDARD = "gnu++14";
				CLANG_CXX_LIBRARY = "libc++";
				CLANG_ENABLE_MODULES = YES;
				CLANG_ENABLE_OBJC_ARC = YES;
				CLANG_ENABLE_OBJC_WEAK = YES;
				CLANG_WARN_BLOCK_CAPTURE_AUTORELEASING = YES;
				CLANG_WARN_BOOL_CONVERSION = YES;
				CLANG_WARN_COMMA = YES;
				CLANG_WARN_CONSTANT_CONVERSION = YES;
				CLANG_WARN_DEPRECATED_OBJC_IMPLEMENTATIONS = YES;
				CLANG_WARN_DIRECT_OBJC_ISA_USAGE = YES_ERROR;
				CLANG_WARN_DOCUMENTATION_COMMENTS = YES;
				CLANG_WARN_EMPTY_BODY = YES;
				CLANG_WARN_ENUM_CONVERSION = YES;
				CLANG_WARN_INFINITE_RECURSION = YES;
				CLANG_WARN_INT_CONVERSION = YES;
				CLANG_WARN_NON_LITERAL_NULL_CONVERSION = YES;
				CLANG_WARN_OBJC_IMPLICIT_RETAIN_SELF = YES;
				CLANG_WARN_OBJC_LITERAL_CONVERSION = YES;
				CLANG_WARN_OBJC_ROOT_CLASS = YES_ERROR;
				CLANG_WARN_QUOTED_INCLUDE_IN_FRAMEWORK_HEADER = YES;
				CLANG_WARN_RANGE_LOOP_ANALYSIS = YES;
				CLANG_WARN_STRICT_PROTOTYPES = YES;
				CLANG_WARN_SUSPICIOUS_MOVE = YES;
				CLANG_WARN_UNGUARDED_AVAILABILITY = YES_AGGRESSIVE;
				CLANG_WARN_UNREACHABLE_CODE = YES;
				CLANG_WARN__DUPLICATE_METHOD_MATCH = YES;
				COPY_PHASE_STRIP = NO;
				DEBUG_INFORMATION_FORMAT = "dwarf-with-dsym";
				ENABLE_NS_ASSERTIONS = NO;
				ENABLE_STRICT_OBJC_MSGSEND = YES;
				GCC_C_LANGUAGE_STANDARD = gnu11;
				GCC_NO_COMMON_BLOCKS = YES;
				GCC_WARN_64_TO_32_BIT_CONVERSION = YES;
				GCC_WARN_ABOUT_RETURN_TYPE = YES_ERROR;
				GCC_WARN_UNDECLARED_SELECTOR = YES;
				GCC_WARN_UNINITIALIZED_AUTOS = YES_AGGRESSIVE;
				GCC_WARN_UNUSED_FUNCTION = YES;
				GCC_WARN_UNUSED_VARIABLE = YES;
				IPHONEOS_DEPLOYMENT_TARGET = 14.0;
				MTL_ENABLE_DEBUG_INFO = NO;
				MTL_FAST_MATH = YES;
				SDKROOT = iphoneos;
				SWIFT_COMPILATION_MODE = wholemodule;
				SWIFT_OPTIMIZATION_LEVEL = "-O";
				VALIDATE_PRODUCT = YES;
			};
			name = Release;
		};
		8A9A698C252DEFFD000C9F64 /* Debug */ = {
			isa = XCBuildConfiguration;
			baseConfigurationReference = C1992845C839F950F725BE94 /* Pods-FinApp.debug.xcconfig */;
			buildSettings = {
				ASSETCATALOG_COMPILER_APPICON_NAME = AppIcon;
				ASSETCATALOG_COMPILER_GLOBAL_ACCENT_COLOR_NAME = AccentColor;
				CODE_SIGN_STYLE = Automatic;
				DEVELOPMENT_TEAM = ZLUJB55ZNH;
				INFOPLIST_FILE = FinApp/Info.plist;
				LD_RUNPATH_SEARCH_PATHS = (
					"$(inherited)",
					"@executable_path/Frameworks",
				);
				PRODUCT_BUNDLE_IDENTIFIER = com.mpexe.FinApp;
				PRODUCT_NAME = "$(TARGET_NAME)";
				SWIFT_VERSION = 5.0;
				TARGETED_DEVICE_FAMILY = "1,2";
			};
			name = Debug;
		};
		8A9A698D252DEFFD000C9F64 /* Release */ = {
			isa = XCBuildConfiguration;
			baseConfigurationReference = A06737AD493298233C5D9950 /* Pods-FinApp.release.xcconfig */;
			buildSettings = {
				ASSETCATALOG_COMPILER_APPICON_NAME = AppIcon;
				ASSETCATALOG_COMPILER_GLOBAL_ACCENT_COLOR_NAME = AccentColor;
				CODE_SIGN_STYLE = Automatic;
				DEVELOPMENT_TEAM = ZLUJB55ZNH;
				INFOPLIST_FILE = FinApp/Info.plist;
				LD_RUNPATH_SEARCH_PATHS = (
					"$(inherited)",
					"@executable_path/Frameworks",
				);
				PRODUCT_BUNDLE_IDENTIFIER = com.mpexe.FinApp;
				PRODUCT_NAME = "$(TARGET_NAME)";
				SWIFT_VERSION = 5.0;
				TARGETED_DEVICE_FAMILY = "1,2";
			};
			name = Release;
		};
/* End XCBuildConfiguration section */

/* Begin XCConfigurationList section */
		8A9A6972252DEFF9000C9F64 /* Build configuration list for PBXProject "FinApp" */ = {
			isa = XCConfigurationList;
			buildConfigurations = (
				8A9A6989252DEFFD000C9F64 /* Debug */,
				8A9A698A252DEFFD000C9F64 /* Release */,
			);
			defaultConfigurationIsVisible = 0;
			defaultConfigurationName = Release;
		};
		8A9A698B252DEFFD000C9F64 /* Build configuration list for PBXNativeTarget "FinApp" */ = {
			isa = XCConfigurationList;
			buildConfigurations = (
				8A9A698C252DEFFD000C9F64 /* Debug */,
				8A9A698D252DEFFD000C9F64 /* Release */,
			);
			defaultConfigurationIsVisible = 0;
			defaultConfigurationName = Release;
		};
/* End XCConfigurationList section */
	};
	rootObject = 8A9A696F252DEFF9000C9F64 /* Project object */;
}
